// !$*UTF8*$!
{
	archiveVersion = 1;
	classes = {
	};
	objectVersion = 50;
	objects = {

/* Begin PBXBuildFile section */
		2B0183B62468B494003A2577 /* Review+CoreDataClass.swift in Sources */ = {isa = PBXBuildFile; fileRef = 2B0183B42468B494003A2577 /* Review+CoreDataClass.swift */; };
		2B0183B72468B494003A2577 /* Review+CoreDataProperties.swift in Sources */ = {isa = PBXBuildFile; fileRef = 2B0183B52468B494003A2577 /* Review+CoreDataProperties.swift */; };
		2BC9449E24663CD500ACDAB3 /* AppDelegate.swift in Sources */ = {isa = PBXBuildFile; fileRef = 2BC9449D24663CD500ACDAB3 /* AppDelegate.swift */; };
		2BC944A024663CD500ACDAB3 /* SceneDelegate.swift in Sources */ = {isa = PBXBuildFile; fileRef = 2BC9449F24663CD500ACDAB3 /* SceneDelegate.swift */; };
		2BC944A324663CD500ACDAB3 /* TutoringReview.xcdatamodeld in Sources */ = {isa = PBXBuildFile; fileRef = 2BC944A124663CD500ACDAB3 /* TutoringReview.xcdatamodeld */; };
		2BC944A524663CD500ACDAB3 /* ContentView.swift in Sources */ = {isa = PBXBuildFile; fileRef = 2BC944A424663CD500ACDAB3 /* ContentView.swift */; };
		2BC944A724663CD700ACDAB3 /* Assets.xcassets in Resources */ = {isa = PBXBuildFile; fileRef = 2BC944A624663CD700ACDAB3 /* Assets.xcassets */; };
		2BC944AA24663CD700ACDAB3 /* Preview Assets.xcassets in Resources */ = {isa = PBXBuildFile; fileRef = 2BC944A924663CD700ACDAB3 /* Preview Assets.xcassets */; };
		2BC944AD24663CD700ACDAB3 /* LaunchScreen.storyboard in Resources */ = {isa = PBXBuildFile; fileRef = 2BC944AB24663CD700ACDAB3 /* LaunchScreen.storyboard */; };
		2BC944B7246748A700ACDAB3 /* EmojiView.swift in Sources */ = {isa = PBXBuildFile; fileRef = 2BC944B6246748A700ACDAB3 /* EmojiView.swift */; };
/* End PBXBuildFile section */

/* Begin PBXFileReference section */
		2B0183B42468B494003A2577 /* Review+CoreDataClass.swift */ = {isa = PBXFileReference; lastKnownFileType = sourcecode.swift; path = "Review+CoreDataClass.swift"; sourceTree = "<group>"; };
		2B0183B52468B494003A2577 /* Review+CoreDataProperties.swift */ = {isa = PBXFileReference; lastKnownFileType = sourcecode.swift; path = "Review+CoreDataProperties.swift"; sourceTree = "<group>"; };
		2BC9449A24663CD500ACDAB3 /* TutoringReview.app */ = {isa = PBXFileReference; explicitFileType = wrapper.application; includeInIndex = 0; path = TutoringReview.app; sourceTree = BUILT_PRODUCTS_DIR; };
		2BC9449D24663CD500ACDAB3 /* AppDelegate.swift */ = {isa = PBXFileReference; lastKnownFileType = sourcecode.swift; path = AppDelegate.swift; sourceTree = "<group>"; };
		2BC9449F24663CD500ACDAB3 /* SceneDelegate.swift */ = {isa = PBXFileReference; lastKnownFileType = sourcecode.swift; path = SceneDelegate.swift; sourceTree = "<group>"; };
		2BC944A224663CD500ACDAB3 /* TutoringReview.xcdatamodel */ = {isa = PBXFileReference; lastKnownFileType = wrapper.xcdatamodel; path = TutoringReview.xcdatamodel; sourceTree = "<group>"; };
		2BC944A424663CD500ACDAB3 /* ContentView.swift */ = {isa = PBXFileReference; lastKnownFileType = sourcecode.swift; path = ContentView.swift; sourceTree = "<group>"; };
		2BC944A624663CD700ACDAB3 /* Assets.xcassets */ = {isa = PBXFileReference; lastKnownFileType = folder.assetcatalog; path = Assets.xcassets; sourceTree = "<group>"; };
		2BC944A924663CD700ACDAB3 /* Preview Assets.xcassets */ = {isa = PBXFileReference; lastKnownFileType = folder.assetcatalog; path = "Preview Assets.xcassets"; sourceTree = "<group>"; };
		2BC944AC24663CD700ACDAB3 /* Base */ = {isa = PBXFileReference; lastKnownFileType = file.storyboard; name = Base; path = Base.lproj/LaunchScreen.storyboard; sourceTree = "<group>"; };
		2BC944AE24663CD700ACDAB3 /* Info.plist */ = {isa = PBXFileReference; lastKnownFileType = text.plist.xml; path = Info.plist; sourceTree = "<group>"; };
		2BC944B6246748A700ACDAB3 /* EmojiView.swift */ = {isa = PBXFileReference; lastKnownFileType = sourcecode.swift; path = EmojiView.swift; sourceTree = "<group>"; };
/* End PBXFileReference section */

/* Begin PBXFrameworksBuildPhase section */
		2BC9449724663CD500ACDAB3 /* Frameworks */ = {
			isa = PBXFrameworksBuildPhase;
			buildActionMask = 2147483647;
			files = (
			);
			runOnlyForDeploymentPostprocessing = 0;
		};
/* End PBXFrameworksBuildPhase section */

/* Begin PBXGroup section */
		2BC9449124663CD500ACDAB3 = {
			isa = PBXGroup;
			children = (
				2BC9449C24663CD500ACDAB3 /* TutoringReview */,
				2BC9449B24663CD500ACDAB3 /* Products */,
			);
			sourceTree = "<group>";
		};
		2BC9449B24663CD500ACDAB3 /* Products */ = {
			isa = PBXGroup;
			children = (
				2BC9449A24663CD500ACDAB3 /* TutoringReview.app */,
			);
			name = Products;
			sourceTree = "<group>";
		};
		2BC9449C24663CD500ACDAB3 /* TutoringReview */ = {
			isa = PBXGroup;
			children = (
				2B0183B42468B494003A2577 /* Review+CoreDataClass.swift */,
				2B0183B52468B494003A2577 /* Review+CoreDataProperties.swift */,
				2BC9449D24663CD500ACDAB3 /* AppDelegate.swift */,
				2BC9449F24663CD500ACDAB3 /* SceneDelegate.swift */,
				2BC944A424663CD500ACDAB3 /* ContentView.swift */,
				2BC944B6246748A700ACDAB3 /* EmojiView.swift */,
				2BC944A624663CD700ACDAB3 /* Assets.xcassets */,
				2BC944AB24663CD700ACDAB3 /* LaunchScreen.storyboard */,
				2BC944AE24663CD700ACDAB3 /* Info.plist */,
				2BC944A124663CD500ACDAB3 /* TutoringReview.xcdatamodeld */,
				2BC944A824663CD700ACDAB3 /* Preview Content */,
			);
			path = TutoringReview;
			sourceTree = "<group>";
		};
		2BC944A824663CD700ACDAB3 /* Preview Content */ = {
			isa = PBXGroup;
			children = (
				2BC944A924663CD700ACDAB3 /* Preview Assets.xcassets */,
			);
			path = "Preview Content";
			sourceTree = "<group>";
		};
/* End PBXGroup section */

/* Begin PBXNativeTarget section */
		2BC9449924663CD500ACDAB3 /* TutoringReview */ = {
			isa = PBXNativeTarget;
			buildConfigurationList = 2BC944B124663CD700ACDAB3 /* Build configuration list for PBXNativeTarget "TutoringReview" */;
			buildPhases = (
				2BC9449624663CD500ACDAB3 /* Sources */,
				2BC9449724663CD500ACDAB3 /* Frameworks */,
				2BC9449824663CD500ACDAB3 /* Resources */,
			);
			buildRules = (
			);
			dependencies = (
			);
			name = TutoringReview;
			productName = TutoringReview;
			productReference = 2BC9449A24663CD500ACDAB3 /* TutoringReview.app */;
			productType = "com.apple.product-type.application";
		};
/* End PBXNativeTarget section */

/* Begin PBXProject section */
		2BC9449224663CD500ACDAB3 /* Project object */ = {
			isa = PBXProject;
			attributes = {
				LastSwiftUpdateCheck = 1120;
				LastUpgradeCheck = 1120;
				ORGANIZATIONNAME = "Chidinma Umenwofor-Nweze";
				TargetAttributes = {
					2BC9449924663CD500ACDAB3 = {
						CreatedOnToolsVersion = 11.2;
					};
				};
			};
			buildConfigurationList = 2BC9449524663CD500ACDAB3 /* Build configuration list for PBXProject "TutoringReview" */;
			compatibilityVersion = "Xcode 9.3";
			developmentRegion = en;
			hasScannedForEncodings = 0;
			knownRegions = (
				en,
				Base,
			);
			mainGroup = 2BC9449124663CD500ACDAB3;
			productRefGroup = 2BC9449B24663CD500ACDAB3 /* Products */;
			projectDirPath = "";
			projectRoot = "";
			targets = (
				2BC9449924663CD500ACDAB3 /* TutoringReview */,
			);
		};
/* End PBXProject section */

/* Begin PBXResourcesBuildPhase section */
		2BC9449824663CD500ACDAB3 /* Resources */ = {
			isa = PBXResourcesBuildPhase;
			buildActionMask = 2147483647;
			files = (
				2BC944AD24663CD700ACDAB3 /* LaunchScreen.storyboard in Resources */,
				2BC944AA24663CD700ACDAB3 /* Preview Assets.xcassets in Resources */,
				2BC944A724663CD700ACDAB3 /* Assets.xcassets in Resources */,
			);
			runOnlyForDeploymentPostprocessing = 0;
		};
/* End PBXResourcesBuildPhase section */

/* Begin PBXSourcesBuildPhase section */
		2BC9449624663CD500ACDAB3 /* Sources */ = {
			isa = PBXSourcesBuildPhase;
			buildActionMask = 2147483647;
			files = (
				2B0183B72468B494003A2577 /* Review+CoreDataProperties.swift in Sources */,
				2BC9449E24663CD500ACDAB3 /* AppDelegate.swift in Sources */,
				2BC944A324663CD500ACDAB3 /* TutoringReview.xcdatamodeld in Sources */,
				2BC944A524663CD500ACDAB3 /* ContentView.swift in Sources */,
				2BC944A024663CD500ACDAB3 /* SceneDelegate.swift in Sources */,
				2BC944B7246748A700ACDAB3 /* EmojiView.swift in Sources */,
				2B0183B62468B494003A2577 /* Review+CoreDataClass.swift in Sources */,
			);
			runOnlyForDeploymentPostprocessing = 0;
		};
/* End PBXSourcesBuildPhase section */

/* Begin PBXVariantGroup section */
		2BC944AB24663CD700ACDAB3 /* LaunchScreen.storyboard */ = {
			isa = PBXVariantGroup;
			children = (
				2BC944AC24663CD700ACDAB3 /* Base */,
			);
			name = LaunchScreen.storyboard;
			sourceTree = "<group>";
		};
/* End PBXVariantGroup section */

/* Begin XCBuildConfiguration section */
		2BC944AF24663CD700ACDAB3 /* Debug */ = {
			isa = XCBuildConfiguration;
			buildSettings = {
				ALWAYS_SEARCH_USER_PATHS = NO;
				CLANG_ANALYZER_NONNULL = YES;
				CLANG_ANALYZER_NUMBER_OBJECT_CONVERSION = YES_AGGRESSIVE;
				CLANG_CXX_LANGUAGE_STANDARD = "gnu++14";
				CLANG_CXX_LIBRARY = "libc++";
				CLANG_ENABLE_MODULES = YES;
				CLANG_ENABLE_OBJC_ARC = YES;
				CLANG_ENABLE_OBJC_WEAK = YES;
				CLANG_WARN_BLOCK_CAPTURE_AUTORELEASING = YES;
				CLANG_WARN_BOOL_CONVERSION = YES;
				CLANG_WARN_COMMA = YES;
				CLANG_WARN_CONSTANT_CONVERSION = YES;
				CLANG_WARN_DEPRECATED_OBJC_IMPLEMENTATIONS = YES;
				CLANG_WARN_DIRECT_OBJC_ISA_USAGE = YES_ERROR;
				CLANG_WARN_DOCUMENTATION_COMMENTS = YES;
				CLANG_WARN_EMPTY_BODY = YES;
				CLANG_WARN_ENUM_CONVERSION = YES;
				CLANG_WARN_INFINITE_RECURSION = YES;
				CLANG_WARN_INT_CONVERSION = YES;
				CLANG_WARN_NON_LITERAL_NULL_CONVERSION = YES;
				CLANG_WARN_OBJC_IMPLICIT_RETAIN_SELF = YES;
				CLANG_WARN_OBJC_LITERAL_CONVERSION = YES;
				CLANG_WARN_OBJC_ROOT_CLASS = YES_ERROR;
				CLANG_WARN_RANGE_LOOP_ANALYSIS = YES;
				CLANG_WARN_STRICT_PROTOTYPES = YES;
				CLANG_WARN_SUSPICIOUS_MOVE = YES;
				CLANG_WARN_UNGUARDED_AVAILABILITY = YES_AGGRESSIVE;
				CLANG_WARN_UNREACHABLE_CODE = YES;
				CLANG_WARN__DUPLICATE_METHOD_MATCH = YES;
				COPY_PHASE_STRIP = NO;
				DEBUG_INFORMATION_FORMAT = dwarf;
				ENABLE_STRICT_OBJC_MSGSEND = YES;
				ENABLE_TESTABILITY = YES;
				GCC_C_LANGUAGE_STANDARD = gnu11;
				GCC_DYNAMIC_NO_PIC = NO;
				GCC_NO_COMMON_BLOCKS = YES;
				GCC_OPTIMIZATION_LEVEL = 0;
				GCC_PREPROCESSOR_DEFINITIONS = (
					"DEBUG=1",
					"$(inherited)",
				);
				GCC_WARN_64_TO_32_BIT_CONVERSION = YES;
				GCC_WARN_ABOUT_RETURN_TYPE = YES_ERROR;
				GCC_WARN_UNDECLARED_SELECTOR = YES;
				GCC_WARN_UNINITIALIZED_AUTOS = YES_AGGRESSIVE;
				GCC_WARN_UNUSED_FUNCTION = YES;
				GCC_WARN_UNUSED_VARIABLE = YES;
				IPHONEOS_DEPLOYMENT_TARGET = 13.2;
				MTL_ENABLE_DEBUG_INFO = INCLUDE_SOURCE;
				MTL_FAST_MATH = YES;
				ONLY_ACTIVE_ARCH = YES;
				SDKROOT = iphoneos;
				SWIFT_ACTIVE_COMPILATION_CONDITIONS = DEBUG;
				SWIFT_OPTIMIZATION_LEVEL = "-Onone";
			};
			name = Debug;
		};
		2BC944B024663CD700ACDAB3 /* Release */ = {
			isa = XCBuildConfiguration;
			buildSettings = {
				ALWAYS_SEARCH_USER_PATHS = NO;
				CLANG_ANALYZER_NONNULL = YES;
				CLANG_ANALYZER_NUMBER_OBJECT_CONVERSION = YES_AGGRESSIVE;
				CLANG_CXX_LANGUAGE_STANDARD = "gnu++14";
				CLANG_CXX_LIBRARY = "libc++";
				CLANG_ENABLE_MODULES = YES;
				CLANG_ENABLE_OBJC_ARC = YES;
				CLANG_ENABLE_OBJC_WEAK = YES;
				CLANG_WARN_BLOCK_CAPTURE_AUTORELEASING = YES;
				CLANG_WARN_BOOL_CONVERSION = YES;
				CLANG_WARN_COMMA = YES;
				CLANG_WARN_CONSTANT_CONVERSION = YES;
				CLANG_WARN_DEPRECATED_OBJC_IMPLEMENTATIONS = YES;
				CLANG_WARN_DIRECT_OBJC_ISA_USAGE = YES_ERROR;
				CLANG_WARN_DOCUMENTATION_COMMENTS = YES;
				CLANG_WARN_EMPTY_BODY = YES;
				CLANG_WARN_ENUM_CONVERSION = YES;
				CLANG_WARN_INFINITE_RECURSION = YES;
				CLANG_WARN_INT_CONVERSION = YES;
				CLANG_WARN_NON_LITERAL_NULL_CONVERSION = YES;
				CLANG_WARN_OBJC_IMPLICIT_RETAIN_SELF = YES;
				CLANG_WARN_OBJC_LITERAL_CONVERSION = YES;
				CLANG_WARN_OBJC_ROOT_CLASS = YES_ERROR;
				CLANG_WARN_RANGE_LOOP_ANALYSIS = YES;
				CLANG_WARN_STRICT_PROTOTYPES = YES;
				CLANG_WARN_SUSPICIOUS_MOVE = YES;
				CLANG_WARN_UNGUARDED_AVAILABILITY = YES_AGGRESSIVE;
				CLANG_WARN_UNREACHABLE_CODE = YES;
				CLANG_WARN__DUPLICATE_METHOD_MATCH = YES;
				COPY_PHASE_STRIP = NO;
				DEBUG_INFORMATION_FORMAT = "dwarf-with-dsym";
				ENABLE_NS_ASSERTIONS = NO;
				ENABLE_STRICT_OBJC_MSGSEND = YES;
				GCC_C_LANGUAGE_STANDARD = gnu11;
				GCC_NO_COMMON_BLOCKS = YES;
				GCC_WARN_64_TO_32_BIT_CONVERSION = YES;
				GCC_WARN_ABOUT_RETURN_TYPE = YES_ERROR;
				GCC_WARN_UNDECLARED_SELECTOR = YES;
				GCC_WARN_UNINITIALIZED_AUTOS = YES_AGGRESSIVE;
				GCC_WARN_UNUSED_FUNCTION = YES;
				GCC_WARN_UNUSED_VARIABLE = YES;
				IPHONEOS_DEPLOYMENT_TARGET = 13.2;
				MTL_ENABLE_DEBUG_INFO = NO;
				MTL_FAST_MATH = YES;
				SDKROOT = iphoneos;
				SWIFT_COMPILATION_MODE = wholemodule;
				SWIFT_OPTIMIZATION_LEVEL = "-O";
				VALIDATE_PRODUCT = YES;
			};
			name = Release;
		};
		2BC944B224663CD700ACDAB3 /* Debug */ = {
			isa = XCBuildConfiguration;
			buildSettings = {
				ASSETCATALOG_COMPILER_APPICON_NAME = AppIcon;
				CODE_SIGN_STYLE = Automatic;
				DEVELOPMENT_ASSET_PATHS = "\"TutoringReview/Preview Content\"";
				DEVELOPMENT_TEAM = C5UWG82W99;
				ENABLE_PREVIEWS = YES;
				INFOPLIST_FILE = TutoringReview/Info.plist;
				LD_RUNPATH_SEARCH_PATHS = (
					"$(inherited)",
					"@executable_path/Frameworks",
				);
				PRODUCT_BUNDLE_IDENTIFIER = com.chidinweze.TutoringReview;
				PRODUCT_NAME = "$(TARGET_NAME)";
				SWIFT_VERSION = 5.0;
				TARGETED_DEVICE_FAMILY = "1,2";
			};
			name = Debug;
		};
		2BC944B324663CD700ACDAB3 /* Release */ = {
			isa = XCBuildConfiguration;
			buildSettings = {
				ASSETCATALOG_COMPILER_APPICON_NAME = AppIcon;
				CODE_SIGN_STYLE = Automatic;
				DEVELOPMENT_ASSET_PATHS = "\"TutoringReview/Preview Content\"";
				DEVELOPMENT_TEAM = C5UWG82W99;
				ENABLE_PREVIEWS = YES;
				INFOPLIST_FILE = TutoringReview/Info.plist;
				LD_RUNPATH_SEARCH_PATHS = (
					"$(inherited)",
					"@executable_path/Frameworks",
				);
				PRODUCT_BUNDLE_IDENTIFIER = com.chidinweze.TutoringReview;
				PRODUCT_NAME = "$(TARGET_NAME)";
				SWIFT_VERSION = 5.0;
				TARGETED_DEVICE_FAMILY = "1,2";
			};
			name = Release;
		};
/* End XCBuildConfiguration section */

/* Begin XCConfigurationList section */
		2BC9449524663CD500ACDAB3 /* Build configuration list for PBXProject "TutoringReview" */ = {
			isa = XCConfigurationList;
			buildConfigurations = (
				2BC944AF24663CD700ACDAB3 /* Debug */,
				2BC944B024663CD700ACDAB3 /* Release */,
			);
			defaultConfigurationIsVisible = 0;
			defaultConfigurationName = Release;
		};
		2BC944B124663CD700ACDAB3 /* Build configuration list for PBXNativeTarget "TutoringReview" */ = {
			isa = XCConfigurationList;
			buildConfigurations = (
				2BC944B224663CD700ACDAB3 /* Debug */,
				2BC944B324663CD700ACDAB3 /* Release */,
			);
			defaultConfigurationIsVisible = 0;
			defaultConfigurationName = Release;
		};
/* End XCConfigurationList section */

/* Begin XCVersionGroup section */
		2BC944A124663CD500ACDAB3 /* TutoringReview.xcdatamodeld */ = {
			isa = XCVersionGroup;
			children = (
				2BC944A224663CD500ACDAB3 /* TutoringReview.xcdatamodel */,
			);
			currentVersion = 2BC944A224663CD500ACDAB3 /* TutoringReview.xcdatamodel */;
			path = TutoringReview.xcdatamodeld;
			sourceTree = "<group>";
			versionGroupType = wrapper.xcdatamodel;
		};
/* End XCVersionGroup section */
	};
	rootObject = 2BC9449224663CD500ACDAB3 /* Project object */;
}
